version = 1
revision = 3
requires-python = ">=3.11"
resolution-markers = [
    "python_full_version >= '3.12'",
    "python_full_version < '3.12'",
]

[[package]]
name = "astpretty"
version = "3.0.0"
source = { registry = "https://pypi.org/simple" }
sdist = { url = "https://files.pythonhosted.org/packages/2d/b6/ffec7edce2a8315ef1acd4ae2e334ba428db2b2e8d7577a9aaf1e434034d/astpretty-3.0.0.tar.gz", hash = "sha256:b08c95f32e5994454ea99882ff3c4a0afc8254c38998a0ed4b479dba448dc581", size = 4675, upload-time = "2022-05-16T23:41:24.712Z" }
wheels = [
    { url = "https://files.pythonhosted.org/packages/9f/0a/79fff71a08bc0cc427f0dfbd4cca62b60f7f277aae81b89b79e9b04d526d/astpretty-3.0.0-py2.py3-none-any.whl", hash = "sha256:15bfd47593667169485a1fa7938b8de9445b11057d6f2b6e214b2f70667f94b6", size = 4928, upload-time = "2022-05-16T23:41:23.422Z" },
]

[[package]]
name = "astroid"
version = "4.0.4"
source = { registry = "https://pypi.org/simple" }
sdist = { url = "https://files.pythonhosted.org/packages/07/63/0adf26577da5eff6eb7a177876c1cfa213856be9926a000f65c4add9692b/astroid-4.0.4.tar.gz", hash = "sha256:986fed8bcf79fb82c78b18a53352a0b287a73817d6dbcfba3162da36667c49a0", size = 406358, upload-time = "2026-02-07T23:35:07.509Z" }
wheels = [
    { url = "https://files.pythonhosted.org/packages/b0/cf/1c5f42b110e57bc5502eb80dbc3b03d256926062519224835ef08134f1f9/astroid-4.0.4-py3-none-any.whl", hash = "sha256:52f39653876c7dec3e3afd4c2696920e05c83832b9737afc21928f2d2eb7a753", size = 276445, upload-time = "2026-02-07T23:35:05.344Z" },
]

[[package]]
name = "attrs"
version = "26.1.0"
source = { registry = "https://pypi.org/simple" }
sdist = { url = "https://files.pythonhosted.org/packages/9a/8e/82a0fe20a541c03148528be8cac2408564a6c9a0cc7e9171802bc1d26985/attrs-26.1.0.tar.gz", hash = "sha256:d03ceb89cb322a8fd706d4fb91940737b6642aa36998fe130a9bc96c985eff32", size = 952055, upload-time = "2026-03-19T14:22:25.026Z" }
wheels = [
    { url = "https://files.pythonhosted.org/packages/64/b4/17d4b0b2a2dc85a6df63d1157e028ed19f90d4cd97c36717afef2bc2f395/attrs-26.1.0-py3-none-any.whl", hash = "sha256:c647aa4a12dfbad9333ca4e71fe62ddc36f4e63b2d260a37a8b83d2f043ac309", size = 67548, upload-time = "2026-03-19T14:22:23.645Z" },
]

[[package]]
name = "colorama"
version = "0.4.6"
source = { registry = "https://pypi.org/simple" }
sdist = { url = "https://files.pythonhosted.org/packages/d8/53/6f443c9a4a8358a93a6792e2acffb9d9d5cb0a5cfd8802644b7b1c9a02e4/colorama-0.4.6.tar.gz", hash = "sha256:08695f5cb7ed6e0531a20572697297273c47b8cae5a63ffc6d6ed5c201be6e44", size = 27697, upload-time = "2022-10-25T02:36:22.414Z" }
wheels = [
    { url = "https://files.pythonhosted.org/packages/d1/d6/3965ed04c63042e047cb6a3e6ed1a63a35087b6a609aa3a15ed8ac56c221/colorama-0.4.6-py2.py3-none-any.whl", hash = "sha256:4f1d9991f5acc0ca119f9d443620b77f9d6b33703e51011c16baf57afb285fc6", size = 25335, upload-time = "2022-10-25T02:36:20.889Z" },
]

[[package]]
name = "dill"
version = "0.4.1"
source = { registry = "https://pypi.org/simple" }
sdist = { url = "https://files.pythonhosted.org/packages/81/e1/56027a71e31b02ddc53c7d65b01e68edf64dea2932122fe7746a516f75d5/dill-0.4.1.tar.gz", hash = "sha256:423092df4182177d4d8ba8290c8a5b640c66ab35ec7da59ccfa00f6fa3eea5fa", size = 187315, upload-time = "2026-01-19T02:36:56.85Z" }
wheels = [
    { url = "https://files.pythonhosted.org/packages/1e/77/dc8c558f7593132cf8fefec57c4f60c83b16941c574ac5f619abb3ae7933/dill-0.4.1-py3-none-any.whl", hash = "sha256:1e1ce33e978ae97fcfcff5638477032b801c46c7c65cf717f95fbc2248f79a9d", size = 120019, upload-time = "2026-01-19T02:36:55.663Z" },
]

[[package]]
name = "flake8"
version = "7.4.1"
source = { registry = "https://pypi.org/simple" }
dependencies = [
    { name = "mccabe" },
    { name = "pycodestyle" },
    { name = "pyflakes" },
]
sdist = { url = "https://files.pythonhosted.org/packages/c2/94/85870fc02dfe4ab0885c440e7e41f6a986b10e43eca6717e90f8ce1215cc/flake8-7.4.1.tar.gz", hash = "sha256:84ea5afcaf344487b0ea5baaebb8100f4cfaebc01f755998f75876664029f587", size = 47897, upload-time = "2026-09-23T12:21:59.283Z" }
wheels = [
    { url = "https://files.pythonhosted.org/packages/b5/d4/8e58a7221419bf8cb194f362ab26abf504c983135975e4c785fac0852886/flake8-7.4.1-py2.py3-none-any.whl", hash = "sha256:78480274a6d7289d9cb8eafeda241fac57d4ea687d26e32dfdca37b72cdeddad", size = 57449, upload-time = "2026-09-23T12:21:58.085Z" },
]

[[package]]
name = "flake8-broken-line"
version = "1.0.0"
source = { registry = "https://pypi.org/simple" }
dependencies = [
    { name = "flake8" },
]
sdist = { url = "https://files.pythonhosted.org/packages/30/5e/eca08446205afb79e74b6af8e227f06f0b1a26ae892708adbc4e65ccaa86/flake8_broken_line-1.0.0.tar.gz", hash = "sha256:e2c6a17f8d9a129e99c1320fce89b33843e2963871025c4c2bb7b8b8d8732a85", size = 3458, upload-time = "2023-05-31T10:09:11.716Z" }
wheels = [
    { url = "https://files.pythonhosted.org/packages/31/ff/57d0101933527b5202cc9f80bc15aa85b207916c722a00e7adde0e33f413/flake8_broken_line-1.0.0-py3-none-any.whl", hash = "sha256:96c964336024a5030dc536a9f6fb02aa679e2d2a6b35b80a558b5136c35832a9", size = 4202, upload-time = "2023-05-31T10:09:10.027Z" },
]

[[package]]
name = "flake8-complicated-walrus"
version = "2.1.0"
source = { registry = "https://pypi.org/simple" }
dependencies = [
    { name = "astpretty" },
    { name = "flake8" },
]
sdist = { url = "https://files.pythonhosted.org/packages/c2/fd/3b87a5ba0876b136e375c68cfa4fc4bd2e5ec28459784acca25a52085d97/flake8_complicated_walrus-2.1.0.tar.gz", hash = "sha256:7b039d020186cbbfbab9a71e6d58621d63d85412300903504d51b6a7b19b461b", size = 3634, upload-time = "2023-07-19T13:23:41.348Z" }
wheels = [
    { url = "https://files.pythonhosted.org/packages/6a/cf/20e0549d1135c03730b92e007349d51a4f83863e15cd4af35ff2b0fa956a/flake8_complicated_walrus-2.1.0-py3-none-any.whl", hash = "sha256:c4e18d1915740d03abea324781c3b3b338245d39e0948f944e45fb36a4155786", size = 4037, upload-time = "2023-07-19T13:23:39.713Z" },
]

[[package]]
name = "flake8-import-restrictions"
version = "2.1"
source = { registry = "https://pypi.org/simple" }
sdist = { url = "https://files.pythonhosted.org/packages/cd/25/edfb89dded3644c3371c706b9f7165a9f05deb1137960fdbf93cc96760e7/flake8_import_restrictions-2.1.tar.gz", hash = "sha256:f27cb026e45ca60adfe7281f7145a250dbcc289b7cbc877a8cd295ee935bd56c", size = 8651, upload-time = "2024-08-29T11:15:10.935Z" }
wheels = [
    { url = "https://files.pythonhosted.org/packages/f6/61/9155263732f085bf757d6687a06d31499d1b13a54a3dd903ad41573cf5c2/flake8_import_restrictions-2.1-py3-none-any.whl", hash = "sha256:77522e76b82a6ccb25820b1e195825a695094ceded23a18c1b5ce026c23e1071", size = 7515, upload-time = "2024-08-29T11:15:09.534Z" },
]

[[package]]
name = "flake8-requirements"
version = "2.3.0"
source = { registry = "https://pypi.org/simple" }
dependencies = [
    { name = "flake8" },
    { name = "packaging" },
]
sdist = { url = "https://files.pythonhosted.org/packages/e3/2e/d18c6103460be0ebcb3d7139ae167dc141ce945f8b584614bf66adf9a618/flake8_requirements-2.3.0.tar.gz", hash = "sha256:ee90007c871855d0183fce7a78f14dee9157457dda38623fda3cc94ca5d8faaa", size = 21534, upload-time = "2025-08-23T15:06:28.61Z" }
wheels = [
    { url = "https://files.pythonhosted.org/packages/04/63/8e009c33b03381faaddce3868985f94c349b660a350a8a7b768687b8c213/flake8_requirements-2.3.0-py3-none-any.whl", hash = "sha256:6b097398b8d1e3382e1e887bb884fb20bd159a5069011972a615b8ac66548830", size = 15903, upload-time = "2025-08-23T15:06:27.529Z" },
]

[[package]]
name = "gha-tools"
version = "0.1.0"
source = { virtual = "." }

[package.dev-dependencies]
dev = [
    { name = "flake8" },
    { name = "flake8-broken-line" },
    { name = "flake8-complicated-walrus" },
    { name = "flake8-import-restrictions" },
    { name = "flake8-requirements" },
    { name = "hypothesis" },
    { name = "pylint" },
    { name = "pytest" },
]

[package.metadata]

[package.metadata.requires-dev]
dev = [
    { name = "flake8", specifier = "==7.4.1" },
    { name = "flake8-broken-line", specifier = "==1.0.0" },
    { name = "flake8-complicated-walrus", specifier = "==2.1.0" },
    { name = "flake8-import-restrictions", specifier = "==2.1" },
    { name = "flake8-requirements", specifier = "==2.3.0" },
    { name = "hypothesis", specifier = "==6.122.3" },
    { name = "pylint", specifier = "==4.0.10" },
    { name = "pytest", specifier = "==9.1.1" },
]

[[package]]
name = "hypothesis"
version = "6.122.3"
source = { registry = "https://pypi.org/simple" }
dependencies = [
    { name = "attrs" },
    { name = "sortedcontainers" },
]
sdist = { url = "https://files.pythonhosted.org/packages/5a/21/c4c755ad5763f4c882a855b9966ac019c2314e5578b5f5eb39d9fe9fe64d/hypothesis-6.122.3.tar.gz", hash = "sha256:f4c927ce0ec739fa6266e4572949d0b54e24a14601a2bc5fec8f78e16af57918", size = 414395, upload-time = "2024-12-08T21:34:01.651Z" }
wheels = [
    { url = "https://files.pythonhosted.org/packages/66/cb/44fe7e78c3cfbcb01f905b3b252eff6396e2f2e8e88b2d27b5140a6ac474/hypothesis-6.122.3-py3-none-any.whl", hash = "sha256:f0f57036d3b95b979491602b32c95b6725c3af678cccb6165d8de330857f3c83", size = 475651, upload-time = "2024-12-08T21:33:57.945Z" },
]

[[package]]
name = "iniconfig"
version = "2.3.0"
source = { registry = "https://pypi.org/simple" }
sdist = { url = "https://files.pythonhosted.org/packages/72/34/14ca021ce8e5dfedc35312d08ba8bf51fdd999c576889fc2c24cb97f4f10/iniconfig-2.3.0.tar.gz", hash = "sha256:c76315c77db068650d49c5b56314774a7804df16fee4402c1f19d6d15d8c4730", size = 20503, upload-time = "2025-10-18T21:55:43.219Z" }
wheels = [
    { url = "https://files.pythonhosted.org/packages/cb/b1/3846dd7f199d53cb17f49cba7e651e9ce294d8497c8c150530ed11865bb8/iniconfig-2.3.0-py3-none-any.whl", hash = "sha256:f631c04d2c48c52b84d0d0549c99ff3859c98df65b3101406327ecc7d53fbf12", size = 7484, upload-time = "2025-10-18T21:55:41.639Z" },
]

[[package]]
name = "isort"
version = "9.0.2"
source = { registry = "https://pypi.org/simple" }
dependencies = [
    { name = "mypy-extensions" },
]
sdist = { url = "https://files.pythonhosted.org/packages/da/cf/068066b8fdab91cd40bcd63e483137908710a3d25a4d3a01b538be45d9d6/isort-9.0.2.tar.gz", hash = "sha256:d2298980ce44350f11d9d24c8150eaef1883431ec203dddbb4e9b5c3ceb54c70", size = 685196, upload-time = "2026-09-28T19:21:58.07Z" }
wheels = [
    { url = "https://files.pythonhosted.org/packages/19/e2/73251e82fec4218d278c63be8de6d79de99dc04cd6219746d18502108079/isort-9.0.2-cp311-cp311-macosx_11_0_arm64.whl", hash = "sha256:e4a54aed1bb731d7cf80ef5dfbae5b960f777cea70523b751ee6049bcb604371", size = 1057035, upload-time = "2026-09-28T19:21:05.383Z" },
    { url = "https://files.pythonhosted.org/packages/d1/04/dfa9686e44bb8e8a41ebbb77fae0b5bd7e3acbdd30c73c0dfef396ab54ca/isort-9.0.2-cp311-cp311-manylinux2014_x86_64.manylinux_2_17_x86_64.manylinux_2_28_x86_64.whl", hash = "sha256:b34a165cd4e25726930ed2eed8cf2fe46fb1a5ebacd9b28eaf566b343a6457ca", size = 1593851, upload-time = "2026-09-28T19:21:07.062Z" },
    { url = "https://files.pythonhosted.org/packages/99/af/347958db3d7705116f7cadb718a37fddb24b52cf854032585cfae340208a/isort-9.0.2-cp311-cp311-musllinux_1_2_x86_64.whl", hash = "sha256:5c929e8ec9d9fb83f034d5f50895503f40c624605f552b97ad090a37e62407ca", size = 1579176, upload-time = "2026-09-28T19:21:08.815Z" },
    { url = "https://files.pythonhosted.org/packages/d8/03/b323bf130ce480bd5ef9c90b874c03f1a10126b583b26b7be2b1dbebd5f3/isort-9.0.2-cp311-cp311-win_amd64.whl", hash = "sha256:5f448510ef0a92fa626a975759d76bdbe3b721c3d615da6d1010cc451de5610d", size = 873698, upload-time = "2026-09-28T19:21:10.34Z" },
    { url = "https://files.pythonhosted.org/packages/41/c3/3cd3e0f66af21e1bf917f50b45d3389de3d9a25661f2e7f74e51c7fb37a8/isort-9.0.2-cp312-cp312-macosx_11_0_arm64.whl", hash = "sha256:a05dc63cb6ae2a8e62ec4184153f424b1650593e00a24e6138184c46193891e9", size = 1062138, upload-time = "2026-09-28T19:21:11.782Z" },
    { url = "https://files.pythonhosted.org/packages/ab/36/512c41f0d9f4c2a61d56d383db21d42a9b82b4f768827f7e852139d14123/isort-9.0.2-cp312-cp312-manylinux2014_x86_64.manylinux_2_17_x86_64.manylinux_2_28_x86_64.whl", hash = "sha256:af8be0b5cac101202c8255360e5de832ebbb84b2e863dc0f65dbb1a3d63dd40a", size = 1680120, upload-time = "2026-09-28T19:21:13.474Z" },
    { url = "https://files.pythonhosted.org/packages/84/6f/44fa0de7eb71d576d08d0ad3a1d5d401d6cc0c4f908d76159c52b690e6de/isort-9.0.2-cp312-cp312-musllinux_1_2_x86_64.whl", hash = "sha256:3fe693c1e56781de387a6c206306e9e5e560cfeb4acdfd85f0c46122afd48792", size = 1669955, upload-time = "2026-09-28T19:21:15.095Z" },
    { url = "https://files.pythonhosted.org/packages/b1/cc/89e9a499612665321a1f05e3bb1f4ff6f99e170568cff5c0162bd5d82ae6/isort-9.0.2-cp312-cp312-win_amd64.whl", hash = "sha256:f7a9efeb3689c7327a0d637eb4e12691e8d5ab1297caee997b144dc595ccb93f", size = 880360, upload-time = "2026-09-28T19:21:16.534Z" },
    { url = "https://files.pythonhosted.org/packages/99/44/b51a78a2aee3bc14b91d5f071aea2fe35d9acde5f65f0ac5cb77800616a3/isort-9.0.2-cp313-cp313-macosx_11_0_arm64.whl", hash = "sha256:f65ff614632ddc3306c40f619717b3b3ca69938ffee21d97110056d52472c79a", size = 1038192, upload-time = "2026-09-28T19:21:18.25Z" },
    { url = "https://files.pythonhosted.org/packages/28/54/0ac6f7cf254c29bde0832dc655b0327d84752c4511f9f56fbd0778251542/isort-9.0.2-cp313-cp313-manylinux2014_x86_64.manylinux_2_17_x86_64.manylinux_2_28_x86_64.whl", hash = "sha256:e5f11c7ccd5f079ac0431fe52c7b38ea5d9f4e31a1889746de81dac0e7b0a766", size = 1670286, upload-time = "2026-09-28T19:21:19.895Z" },
    { url = "https://files.pythonhosted.org/packages/65/0c/22a3f073415110f95a9fcfd9aaee72144545c66e5fd99a3ed15c8634e8f1/isort-9.0.2-cp313-cp313-musllinux_1_2_x86_64.whl", hash = "sha256:810561edf6f1f5f3600f02aa709603a4360d5290c5fff2ae4b370090dd1a5445", size = 1660662, upload-time = "2026-09-28T19:21:21.599Z" },
    { url = "https://files.pythonhosted.org/packages/5f/da/c357996945d7fcd653281e2b53cf5f16ec7c540d86bac045581ecff5ed63/isort-9.0.2-cp313-cp313-pyemscripten_2025_0_wasm32.whl", hash = "sha256:e2636222848a48cadbd712280058b5da19fa147c501132e04a486a5bddcc9e28", size = 465149, upload-time = "2026-09-28T19:21:23.392Z" },
    { url = "https://files.pythonhosted.org/packages/99/fc/3f477cb8ac91b116773bd0682d072c0bcf2bcf5d77ee288c1e46a95b0c8a/isort-9.0.2-cp313-cp313-win_amd64.whl", hash = "sha256:71870ac3b1afdf3c259b8404c05076d3ab874122fec6f78339f1c92d2c29b012", size = 884875, upload-time = "2026-09-28T19:21:25.403Z" },
    { url = "https://files.pythonhosted.org/packages/53/25/b0dae3025157f020d9010bc126120e703b50ed74ebfb5ca56be81e064d0c/isort-9.0.2-cp314-cp314-macosx_11_0_arm64.whl", hash = "sha256:bd8c4fb9829a5e7117d9f71f540ff1e8caafb471e574012057ce6dc35fda2d7b", size = 1039110, upload-time = "2026-09-28T19:21:27.024Z" },
    { url = "https://files.pythonhosted.org/packages/7e/da/f97a4905cf8212c31d584f0222ae8b1deed391e42db910e8e908eb89002e/isort-9.0.2-cp314-cp314-manylinux2014_x86_64.manylinux_2_17_x86_64.manylinux_2_28_x86_64.whl", hash = "sha256:6eb3e714d64de6eba78ee29051f7fc80613c74e90c6f54f84082f59c429c0a0b", size = 1674555, upload-time = "2026-09-28T19:21:28.645Z" },
    { url = "https://files.pythonhosted.org/packages/90/f4/df11f0de3a2796ef1a74071d1331158b67961770c8066850d60f362ba7cc/isort-9.0.2-cp314-cp314-musllinux_1_2_x86_64.whl", hash = "sha256:bf3ef0a91974f29f406e25eef0e04781fd5c2254b8ab55e7655b20d8cd7c5514", size = 1666034, upload-time = "2026-09-28T19:21:30.35Z" },
    { url = "https://files.pythonhosted.org/packages/15/f0/0007f037135659de11f6ef29563b75c8080eeb51d67f37e82128d66613dc/isort-9.0.2-cp314-cp314-pyemscripten_2026_0_wasm32.whl", hash = "sha256:cd1e0e5e61497e95a4e5be269088e6a1013f530aeccf6ebd6134f403285ecd63", size = 464424, upload-time = "2026-09-28T19:21:31.98Z" },
    { url = "https://files.pythonhosted.org/packages/ae/5c/f64d0cc97abbdf6f7902b0e38171e5101842ba75ac22212fd6d254156bb3/isort-9.0.2-cp314-cp314-win_amd64.whl", hash = "sha256:11da67a30f5a88383c71db075488ca3d081f427f53368f90bb1d74e958a9b040", size = 903922, upload-time = "2026-09-28T19:21:33.412Z" },
    { url = "https://files.pythonhosted.org/packages/14/8a/c0bdd165c6cfcb7c87b3acdee5ebc03e10da5317482017084cdf92a2a076/isort-9.0.2-cp314-cp314t-macosx_11_0_arm64.whl", hash = "sha256:f7c2fa33e1c9fbcf9fd639997e4550515c0b712b52ed70a059124a5247825480", size = 1106274, upload-time = "2026-09-28T19:21:35.13Z" },
    { url = "https://files.pythonhosted.org/packages/b9/ec/4ab29f699d58baa7c00840bc66328ce8f06be31cd36250aef8d4f71bd24e/isort-9.0.2-cp314-cp314t-manylinux2014_x86_64.manylinux_2_17_x86_64.manylinux_2_28_x86_64.whl", hash = "sha256:85e859fd72e50c27306d05185f9472ed97fae9e1cce91c0e891260d16f2ecece", size = 1887727, upload-time = "2026-09-28T19:21:37.015Z" },
    { url = "https://files.pythonhosted.org/packages/bc/ec/12f58041288e08c35dc9a719108482c2c599b157ce0913454d57d32c7b5c/isort-9.0.2-cp314-cp314t-musllinux_1_2_x86_64.whl", hash = "sha256:2a960e4252ac5b00f78adc0f731529e122657ee642e650896b36e1ff83028023", size = 1905479, upload-time = "2026-09-28T19:21:38.789Z" },
    { url = "https://files.pythonhosted.org/packages/56/ea/69fd476d07e5dddea5b41d6b3adfad4d2f5d251362f2fb594f2cfd0f5308/isort-9.0.2-cp314-cp314t-win_amd64.whl", hash = "sha256:91b60ce3d96fcb0730d61fc5ab84ee5b56d676fbb92550f7ea333f58778f2f20", size = 928154, upload-time = "2026-09-28T19:21:40.745Z" },
    { url = "https://files.pythonhosted.org/packages/93/93/ed3f1894ec261381abbdc22a3216fa86ad8fb2ec5f5d1f414f1d56c94ffe/isort-9.0.2-cp315-cp315-macosx_11_0_arm64.whl", hash = "sha256:aa810daf72ff5d8ade462b2190dad9c0e16d6d428a3f9aea210f14cca2487d58", size = 1038495, upload-time = "2026-09-28T19:21:42.41Z" },
    { url = "https://files.pythonhosted.org/packages/2c/fd/4a911a73beb68a746a2f827a842f71030c3118a056585400023e37b5c8ec/isort-9.0.2-cp315-cp315-manylinux2014_x86_64.manylinux_2_17_x86_64.manylinux_2_28_x86_64.whl", hash = "sha256:8dde4e2d9cfb35390437353f0861ec41378f91ff958d8cd3051fb95cae59315a", size = 1686028, upload-time = "2026-09-28T19:21:44.107Z" },
    { url = "https://files.pythonhosted.org/packages/7e/3e/6fb9ab0f5a89e174d45ae2809970fcb908f2b261e1b77993101e52a20869/isort-9.0.2-cp315-cp315-musllinux_1_2_x86_64.whl", hash = "sha256:4315e23e701bb1fcdfd364da59da61d78c3332c554318b7eb635ea3924d24c5e", size = 1675313, upload-time = "2026-09-28T19:21:45.6Z" },
    { url = "https://files.pythonhosted.org/packages/74/a2/e73c430847408ae900bf0fb7627daa87e939c80c2f0713fb9a163ec48663/isort-9.0.2-cp315-cp315-pyemscripten_2026_5_wasm32.whl", hash = "sha256:1c134ef9d94943eae14bf31c634db1904dd875e6e7280a60baee10ca06132db6", size = 464361, upload-time = "2026-09-28T19:21:47.142Z" },
    { url = "https://files.pythonhosted.org/packages/08/29/236939344dc87499299f36469527fc01a516a51abcf0d82ba5b7644f5966/isort-9.0.2-cp315-cp315-win_amd64.whl", hash = "sha256:d4da51a99dfd00e5c51e507ed91ebad6aafd44dc65135c17e2ef37355cd9fa98", size = 904023, upload-time = "2026-09-28T19:21:48.583Z" },
    { url = "https://files.pythonhosted.org/packages/ff/ec/14dfd5e8e20a1500043d50053d899527c742dcebeaba2fb2633abfad2ec1/isort-9.0.2-cp315-cp315t-macosx_11_0_arm64.whl", hash = "sha256:16436aefeebe3aa2d5d7ae1ca895b2278f770fc4a41d95c22569a30f7413ec45", size = 1105456, upload-time = "2026-09-28T19:21:50.162Z" },
    { url = "https://files.pythonhosted.org/packages/5a/f7/c0e4d16a17f742b459397be8570af4edce4173e91d64ccf16c1ecd7826d8/isort-9.0.2-cp315-cp315t-manylinux2014_x86_64.manylinux_2_17_x86_64.manylinux_2_28_x86_64.whl", hash = "sha256:a36f30b6b85d9726f79c7623d35f3e966d5d7d9d0a005af91ba19988fccd038b", size = 1874501, upload-time = "2026-09-28T19:21:51.786Z" },
    { url = "https://files.pythonhosted.org/packages/c3/98/226855cb96275e7df63167ed8fae3b65e0c94e38c9d63a6a80458da919b1/isort-9.0.2-cp315-cp315t-musllinux_1_2_x86_64.whl", hash = "sha256:d03c68e9d0a83b51ed381d04b0919f2d918fb66c1ca1766761157ff44149366f", size = 1890469, upload-time = "2026-09-28T19:21:53.42Z" },
    { url = "https://files.pythonhosted.org/packages/bb/e5/3a1c4748483a05533a065b49dcf64039a68162e84175e08d1d70db7e7413/isort-9.0.2-cp315-cp315t-win_amd64.whl", hash = "sha256:29669ea6c410528ffe3b632a41835757f08282257e4ddac892a5e6d01bd35201", size = 927256, upload-time = "2026-09-28T19:21:55.063Z" },
    { url = "https://files.pythonhosted.org/packages/8b/c9/0849e74b868ef10312eecfc24278710e97dd14bc49c1df629d7df142d318/isort-9.0.2-py3-none-any.whl", hash = "sha256:6c29deeb39698a8717823b7f75b2ac58c5e8ab8dcf6cf31205a72a6617fb454e", size = 105052, upload-time = "2026-09-28T19:21:56.512Z" },
]

[[package]]
name = "mccabe"
version = "0.7.0"
source = { registry = "https://pypi.org/simple" }
sdist = { url = "https://files.pythonhosted.org/packages/e7/ff/0ffefdcac38932a54d2b5eed4e0ba8a408f215002cd178ad1df0f2806ff8/mccabe-0.7.0.tar.gz", hash = "sha256:348e0240c33b60bbdf4e523192ef919f28cb2c3d7d5c7794f74009290f236325", size = 9658, upload-time = "2022-01-24T01:14:51.113Z" }
wheels = [
    { url = "https://files.pythonhosted.org/packages/27/1a/1f68f9ba0c207934b35b86a8ca3aad8395a3d6dd7921c0686e23853ff5a9/mccabe-0.7.0-py2.py3-none-any.whl", hash = "sha256:6c2d30ab6be0e4a46919781807b4f0d834ebdd6c6e3dca0bda5a15f863427b6e", size = 7350, upload-time = "2022-01-24T01:14:49.62Z" },
]

[[package]]
name = "mypy-extensions"
version = "1.1.0"
source = { registry = "https://pypi.org/simple" }
sdist = { url = "https://files.pythonhosted.org/packages/a2/6e/371856a3fb9d31ca8dac321cda606860fa4548858c0cc45d9d1d4ca2628b/mypy_extensions-1.1.0.tar.gz", hash = "sha256:52e68efc3284861e772bbcd66823fde5ae21fd2fdb51c62a211403730b916558", size = 6343, upload-time = "2025-04-22T14:54:24.164Z" }
wheels = [
    { url = "https://files.pythonhosted.org/packages/79/7b/2c79738432f5c924bef5071f933bcc9efd0473bac3b4aa584a6f7c1c8df8/mypy_extensions-1.1.0-py3-none-any.whl", hash = "sha256:1be4cccdb0f2482337c4743e60421de3a356cd97508abadd57d47403e94f5505", size = 4963, upload-time = "2025-04-22T14:54:22.983Z" },
]

[[package]]
name = "packaging"
version = "26.3"
source = { registry = "https://pypi.org/simple" }
sdist = { url = "https://files.pythonhosted.org/packages/7d/fa/3944b40b07da9ce895c0e6303a5ab7d53da063554f534556b134a54d6093/packaging-26.3.tar.gz", hash = "sha256:94edc256424af38762eb31306eed28beb9f0efc50a8837492c9d6fd6004aed79", size = 313412, upload-time = "2026-08-04T18:15:28.737Z" }
wheels = [
    { url = "https://files.pythonhosted.org/packages/63/34/ba1c580383c9eada3711951fef0795c80b829a078d72188184bcab9dd527/packaging-26.3-py3-none-any.whl", hash = "sha256:d7193f7c8e4e93f444fde0262bf90af30e16fa0ad0ad44cb553c87339b23cd1c", size = 129956, upload-time = "2026-08-04T18:15:27.159Z" },
]

[[package]]
name = "platformdirs"
version = "4.12.2"
source = { registry = "https://pypi.org/simple" }
sdist = { url = "https://files.pythonhosted.org/packages/17/c8/721b3855fe457da514fe249247d404b9b39c5d16532278f70ebaa6acf18b/platformdirs-4.12.2.tar.gz", hash = "sha256:eab5f70271a490ef74618bb314fbb86e3c7e82fa3b9c922c2ea0e0a1a155d329", size = 59353, upload-time = "2026-09-29T18:27:56.009Z" }
wheels = [
    { url = "https://files.pythonhosted.org/packages/d0/89/446044f33aba0348d35e433f56d12206d010a5281a1df54054d4cfb82388/platformdirs-4.12.2-py3-none-any.whl", hash = "sha256:29dbf06d96c500bc6bdbce75fb0a14d63279c93b1842f97e72a135b33e856983", size = 32457, upload-time = "2026-09-29T18:27:54.43Z" },
]

[[package]]
name = "pluggy"
version = "1.6.0"
source = { registry = "https://pypi.org/simple" }
sdist = { url = "https://files.pythonhosted.org/packages/f9/e2/3e91f31a7d2b083fe6ef3fa267035b518369d9511ffab804f839851d2779/pluggy-1.6.0.tar.gz", hash = "sha256:7dcc130b76258d33b90f61b658791dede3486c3e6bfb003ee5c9bfb396dd22f3", size = 69412, upload-time = "2025-05-15T12:30:07.975Z" }
wheels = [
    { url = "https://files.pythonhosted.org/packages/54/20/4d324d65cc6d9205fabedc306948156824eb9f0ee1633355a8f7ec5c66bf/pluggy-1.6.0-py3-none-any.whl", hash = "sha256:e920276dd6813095e9377c0bc5566d94c932c33b27a3e3945d8389c374dd4746", size = 20538, upload-time = "2025-05-15T12:30:06.134Z" },
]

[[package]]
name = "pycodestyle"
version = "2.15.0"
source = { registry = "https://pypi.org/simple" }
sdist = { url = "https://files.pythonhosted.org/packages/86/df/178e41c9ed0ff33c23b3f3757e4e658c889f9abc5ad76ece6cd607b12e9c/pycodestyle-2.15.0.tar.gz", hash = "sha256:318f5db083869b4c4dad922d0b11124fb27ab181b6730b93371da671e31bd50e", size = 39765, upload-time = "2026-09-22T22:15:34.926Z" }
wheels = [
    { url = "https://files.pythonhosted.org/packages/56/e2/480bcdb153feecde4d736b18c908c7eee4846f11d7547d2e0c71499af630/pycodestyle-2.15.0-py2.py3-none-any.whl", hash = "sha256:12fd2f73c7b8ee8845a0431111df8faf4c1a07d6e64e2ee7f0c74014dab14181", size = 31583, upload-time = "2026-09-22T22:15:34.007Z" },
]

[[package]]
name = "pyflakes"
version = "4.0.1"
source = { registry = "https://pypi.org/simple" }
sdist = { url = "https://files.pythonhosted.org/packages/8c/23/cf4fc43ce292ed1ae519d8873497e7944306f523d8523bd7a19274b256ca/pyflakes-4.0.1.tar.gz", hash = "sha256:cb4e721195b96e1792f3dfaefa02fb36a4f6253e899bbe0793f8aef6ed0065ef", size = 67099, upload-time = "2026-09-30T19:40:11.853Z" }
wheels = [
    { url = "https://files.pythonhosted.org/packages/27/be/8ca18b353cae5b95cb49b9a4273ddacae82477dcfc1be2cc17dd3bafc1d9/pyflakes-4.0.1-py2.py3-none-any.whl", hash = "sha256:1559b701962c803eadeb9c215dbac279585367b73ac12e1f0c42868785e6caad", size = 66176, upload-time = "2026-09-30T19:40:10.683Z" },
]

[[package]]
name = "pygments"
version = "2.21.0"
source = { registry = "https://pypi.org/simple" }
sdist = { url = "https://files.pythonhosted.org/packages/49/2e/ced460408999b33da6b31b0021b0f37d329e202d4169aeb164493778f25b/pygments-2.21.0.tar.gz", hash = "sha256:610ca751c9bc2492b38eb9a38a7fbc93edbbb2d7182edaf34e66ae493dee5c8c", size = 5005329, upload-time = "2026-08-17T08:02:48.824Z" }
wheels = [
    { url = "https://files.pythonhosted.org/packages/71/46/17f022dd3e953bf20a04a028a21ec746d942f8d2af30fa0f124fa0e6a684/pygments-2.21.0-py3-none-any.whl", hash = "sha256:2363c69b61c4a97c838da3b130dcd6468f4848992b21a82f2a63ec34377137d9", size = 1250147, upload-time = "2026-08-17T08:02:44.912Z" },
]

[[package]]
name = "pylint"
version = "4.0.10"
source = { registry = "https://pypi.org/simple" }
dependencies = [
    { name = "astroid" },
    { name = "colorama", marker = "sys_platform == 'win32'" },
    { name = "dill" },
    { name = "isort" },
    { name = "mccabe" },
    { name = "platformdirs" },
    { name = "tomlkit" },
]
sdist = { url = "https://files.pythonhosted.org/packages/81/d2/e548818e920ec543e58cc2082fea50a1a9485b3137e69ea27d647aede3f8/pylint-4.0.10.tar.gz", hash = "sha256:bf19280b10f2185bfbc898a28ac0b85c958af2e6d684a94984e12d3ac975d9f4", size = 1606855, upload-time = "2026-09-29T15:48:12.657Z" }
wheels = [
    { url = "https://files.pythonhosted.org/packages/d7/0e/82aa640aa75f4a3c57d0458eafb2fa71d0f8ebec7ce8ba5cda95bc51b941/pylint-4.0.10-py3-none-any.whl", hash = "sha256:c259421f734e6262407b6a421a26f9513b13ac2c5ac2c160775c1658afb57fea", size = 542432, upload-time = "2026-09-29T15:48:10.452Z" },
]

[[package]]
name = "pytest"
version = "9.1.1"
source = { registry = "https://pypi.org/simple" }
dependencies = [
    { name = "colorama", marker = "sys_platform == 'win32'" },
    { name = "iniconfig" },
    { name = "packaging" },
    { name = "pluggy" },
    { name = "pygments" },
]
sdist = { url = "https://files.pythonhosted.org/packages/e4/47/b9efed96c114afcfa3c9d3fe98a76a1d14c74a9e266d397cf6eb64be5e01/pytest-9.1.1.tar.gz", hash = "sha256:1088fbde8f2b49d95a549a195707afa7a76a3ce9bcadc26b6d71f0ffda5fe313", size = 1636369, upload-time = "2026-06-19T10:58:32.857Z" }
wheels = [
    { url = "https://files.pythonhosted.org/packages/24/25/1de2678b631f5a49215c6c96fff41ba892b0a34df68d6d80292b1b48aa7f/pytest-9.1.1-py3-none-any.whl", hash = "sha256:37a86b45efb9a47a61a36449063e8e18d0cab3161329fc099eb21783169c4f0c", size = 386536, upload-time = "2026-06-19T10:58:31.347Z" },
]

[[package]]
name = "sortedcontainers"
version = "2.4.0"
source = { registry = "https://pypi.org/simple" }
sdist = { url = "https://files.pythonhosted.org/packages/e8/c4/ba2f8066cceb6f23394729afe52f3bf7adec04bf9ed2c820b39e19299111/sortedcontainers-2.4.0.tar.gz", hash = "sha256:25caa5a06cc30b6b83d11423433f65d1f9d76c4c6a0c90e3379eaa43b9bfdb88", size = 30594, upload-time = "2021-05-16T22:03:42.897Z" }
wheels = [
    { url = "https://files.pythonhosted.org/packages/32/46/9cb0e58b2deb7f82b84065f37f3bffeb12413f947f9388e4cac22c4621ce/sortedcontainers-2.4.0-py2.py3-none-any.whl", hash = "sha256:a163dcaede0f1c021485e957a39245190e74249897e2ae4b2aa38595db237ee0", size = 29575, upload-time = "2021-05-16T22:03:41.177Z" },
]

[[package]]
name = "tomlkit"
version = "0.15.1"
source = { registry = "https://pypi.org/simple" }
sdist = { url = "https://files.pythonhosted.org/packages/94/96/e07752635b98536177fa1f37671c8f3cdde2e724c6bcf6034b2cfb571565/tomlkit-0.15.1.tar.gz", hash = "sha256:e25bbf38843005246210a12982776f27f99cb9be67160e14434d0c0d21ee1e97", size = 180129, upload-time = "2026-07-17T01:48:04.562Z" }
wheels = [
    { url = "https://files.pythonhosted.org/packages/13/bc/8c13eb66537dce1d2bd3a57132902f38d0e7f5bb46fa9f4daed9fe9d76ee/tomlkit-0.15.1-py3-none-any.whl", hash = "sha256:177a05aece5a8ca5266fd3c448abb47b8d352f09d477d3ca8332db4d89b24304", size = 49449, upload-time = "2026-07-17T01:48:05.728Z" },
]
