version = 1
revision = 3
requires-python = ">=3.11"
resolution-markers = [
    "python_full_version >= '3.12'",
    "python_full_version < '3.12'",
]

[[package]]
name = "astpretty"
version = "3.0.0"
source = { registry = "https://pypi.org/simple" }
sdist = { url = "https://files.pythonhosted.org/packages/2d/b6/ffec7edce2a8315ef1acd4ae2e334ba428db2b2e8d7577a9aaf1e434034d/astpretty-3.0.0.tar.gz", hash = "sha256:b08c95f32e5994454ea99882ff3c4a0afc8254c38998a0ed4b479dba448dc581", size = 4675, upload-time = "2022-05-16T23:41:24.712Z" }
wheels = [
    { url = "https://files.pythonhosted.org/packages/9f/0a/79fff71a08bc0cc427f0dfbd4cca62b60f7f277aae81b89b79e9b04d526d/astpretty-3.0.0-py2.py3-none-any.whl", hash = "sha256:15bfd47593667169485a1fa7938b8de9445b11057d6f2b6e214b2f70667f94b6", size = 4928, upload-time = "2022-05-16T23:41:23.422Z" },
]

[[package]]
name = "astroid"
version = "4.0.4"
source = { registry = "https://pypi.org/simple" }
sdist = { url = "https://files.pythonhosted.org/packages/07/63/0adf26577da5eff6eb7a177876c1cfa213856be9926a000f65c4add9692b/astroid-4.0.4.tar.gz", hash = "sha256:986fed8bcf79fb82c78b18a53352a0b287a73817d6dbcfba3162da36667c49a0", size = 406358, upload-time = "2026-02-07T23:35:07.509Z" }
wheels = [
    { url = "https://files.pythonhosted.org/packages/b0/cf/1c5f42b110e57bc5502eb80dbc3b03d256926062519224835ef08134f1f9/astroid-4.0.4-py3-none-any.whl", hash = "sha256:52f39653876c7dec3e3afd4c2696920e05c83832b9737afc21928f2d2eb7a753", size = 276445, upload-time = "2026-02-07T23:35:05.344Z" },
]

[[package]]
name = "atc1441-exporter"
version = "0.1.9"
source = { virtual = "." }
dependencies = [
    { name = "prometheus-client" },
]

[package.dev-dependencies]
dev = [
    { name = "flake8" },
    { name = "flake8-broken-line" },
    { name = "flake8-complicated-walrus" },
    { name = "flake8-import-restrictions" },
    { name = "flake8-requirements" },
    { name = "pylint" },
    { name = "pytest" },
]

[package.metadata]
requires-dist = [{ name = "prometheus-client", specifier = "==0.26.0" }]

[package.metadata.requires-dev]
dev = [
    { name = "flake8", specifier = "==7.3.0" },
    { name = "flake8-broken-line", specifier = "==1.0.0" },
    { name = "flake8-complicated-walrus", specifier = "==2.1.0" },
    { name = "flake8-import-restrictions", specifier = "==2.1" },
    { name = "flake8-requirements", specifier = "==2.3.0" },
    { name = "pylint", specifier = "==4.0.8" },
    { name = "pytest", specifier = "==9.1.1" },
]

[[package]]
name = "colorama"
version = "0.4.6"
source = { registry = "https://pypi.org/simple" }
sdist = { url = "https://files.pythonhosted.org/packages/d8/53/6f443c9a4a8358a93a6792e2acffb9d9d5cb0a5cfd8802644b7b1c9a02e4/colorama-0.4.6.tar.gz", hash = "sha256:08695f5cb7ed6e0531a20572697297273c47b8cae5a63ffc6d6ed5c201be6e44", size = 27697, upload-time = "2022-10-25T02:36:22.414Z" }
wheels = [
    { url = "https://files.pythonhosted.org/packages/d1/d6/3965ed04c63042e047cb6a3e6ed1a63a35087b6a609aa3a15ed8ac56c221/colorama-0.4.6-py2.py3-none-any.whl", hash = "sha256:4f1d9991f5acc0ca119f9d443620b77f9d6b33703e51011c16baf57afb285fc6", size = 25335, upload-time = "2022-10-25T02:36:20.889Z" },
]

[[package]]
name = "dill"
version = "0.4.1"
source = { registry = "https://pypi.org/simple" }
sdist = { url = "https://files.pythonhosted.org/packages/81/e1/56027a71e31b02ddc53c7d65b01e68edf64dea2932122fe7746a516f75d5/dill-0.4.1.tar.gz", hash = "sha256:423092df4182177d4d8ba8290c8a5b640c66ab35ec7da59ccfa00f6fa3eea5fa", size = 187315, upload-time = "2026-01-19T02:36:56.85Z" }
wheels = [
    { url = "https://files.pythonhosted.org/packages/1e/77/dc8c558f7593132cf8fefec57c4f60c83b16941c574ac5f619abb3ae7933/dill-0.4.1-py3-none-any.whl", hash = "sha256:1e1ce33e978ae97fcfcff5638477032b801c46c7c65cf717f95fbc2248f79a9d", size = 120019, upload-time = "2026-01-19T02:36:55.663Z" },
]

[[package]]
name = "flake8"
version = "7.3.0"
source = { registry = "https://pypi.org/simple" }
dependencies = [
    { name = "mccabe" },
    { name = "pycodestyle" },
    { name = "pyflakes" },
]
sdist = { url = "https://files.pythonhosted.org/packages/9b/af/fbfe3c4b5a657d79e5c47a2827a362f9e1b763336a52f926126aa6dc7123/flake8-7.3.0.tar.gz", hash = "sha256:fe044858146b9fc69b551a4b490d69cf960fcb78ad1edcb84e7fbb1b4a8e3872", size = 48326, upload-time = "2025-06-20T19:31:35.838Z" }
wheels = [
    { url = "https://files.pythonhosted.org/packages/9f/56/13ab06b4f93ca7cac71078fbe37fcea175d3216f31f85c3168a6bbd0bb9a/flake8-7.3.0-py2.py3-none-any.whl", hash = "sha256:b9696257b9ce8beb888cdbe31cf885c90d31928fe202be0889a7cdafad32f01e", size = 57922, upload-time = "2025-06-20T19:31:34.425Z" },
]

[[package]]
name = "flake8-broken-line"
version = "1.0.0"
source = { registry = "https://pypi.org/simple" }
dependencies = [
    { name = "flake8" },
]
sdist = { url = "https://files.pythonhosted.org/packages/30/5e/eca08446205afb79e74b6af8e227f06f0b1a26ae892708adbc4e65ccaa86/flake8_broken_line-1.0.0.tar.gz", hash = "sha256:e2c6a17f8d9a129e99c1320fce89b33843e2963871025c4c2bb7b8b8d8732a85", size = 3458, upload-time = "2023-05-31T10:09:11.716Z" }
wheels = [
    { url = "https://files.pythonhosted.org/packages/31/ff/57d0101933527b5202cc9f80bc15aa85b207916c722a00e7adde0e33f413/flake8_broken_line-1.0.0-py3-none-any.whl", hash = "sha256:96c964336024a5030dc536a9f6fb02aa679e2d2a6b35b80a558b5136c35832a9", size = 4202, upload-time = "2023-05-31T10:09:10.027Z" },
]

[[package]]
name = "flake8-complicated-walrus"
version = "2.1.0"
source = { registry = "https://pypi.org/simple" }
dependencies = [
    { name = "astpretty" },
    { name = "flake8" },
]
sdist = { url = "https://files.pythonhosted.org/packages/c2/fd/3b87a5ba0876b136e375c68cfa4fc4bd2e5ec28459784acca25a52085d97/flake8_complicated_walrus-2.1.0.tar.gz", hash = "sha256:7b039d020186cbbfbab9a71e6d58621d63d85412300903504d51b6a7b19b461b", size = 3634, upload-time = "2023-07-19T13:23:41.348Z" }
wheels = [
    { url = "https://files.pythonhosted.org/packages/6a/cf/20e0549d1135c03730b92e007349d51a4f83863e15cd4af35ff2b0fa956a/flake8_complicated_walrus-2.1.0-py3-none-any.whl", hash = "sha256:c4e18d1915740d03abea324781c3b3b338245d39e0948f944e45fb36a4155786", size = 4037, upload-time = "2023-07-19T13:23:39.713Z" },
]

[[package]]
name = "flake8-import-restrictions"
version = "2.1"
source = { registry = "https://pypi.org/simple" }
sdist = { url = "https://files.pythonhosted.org/packages/cd/25/edfb89dded3644c3371c706b9f7165a9f05deb1137960fdbf93cc96760e7/flake8_import_restrictions-2.1.tar.gz", hash = "sha256:f27cb026e45ca60adfe7281f7145a250dbcc289b7cbc877a8cd295ee935bd56c", size = 8651, upload-time = "2024-08-29T11:15:10.935Z" }
wheels = [
    { url = "https://files.pythonhosted.org/packages/f6/61/9155263732f085bf757d6687a06d31499d1b13a54a3dd903ad41573cf5c2/flake8_import_restrictions-2.1-py3-none-any.whl", hash = "sha256:77522e76b82a6ccb25820b1e195825a695094ceded23a18c1b5ce026c23e1071", size = 7515, upload-time = "2024-08-29T11:15:09.534Z" },
]

[[package]]
name = "flake8-requirements"
version = "2.3.0"
source = { registry = "https://pypi.org/simple" }
dependencies = [
    { name = "flake8" },
    { name = "packaging" },
]
sdist = { url = "https://files.pythonhosted.org/packages/e3/2e/d18c6103460be0ebcb3d7139ae167dc141ce945f8b584614bf66adf9a618/flake8_requirements-2.3.0.tar.gz", hash = "sha256:ee90007c871855d0183fce7a78f14dee9157457dda38623fda3cc94ca5d8faaa", size = 21534, upload-time = "2025-08-23T15:06:28.61Z" }
wheels = [
    { url = "https://files.pythonhosted.org/packages/04/63/8e009c33b03381faaddce3868985f94c349b660a350a8a7b768687b8c213/flake8_requirements-2.3.0-py3-none-any.whl", hash = "sha256:6b097398b8d1e3382e1e887bb884fb20bd159a5069011972a615b8ac66548830", size = 15903, upload-time = "2025-08-23T15:06:27.529Z" },
]

[[package]]
name = "iniconfig"
version = "2.3.0"
source = { registry = "https://pypi.org/simple" }
sdist = { url = "https://files.pythonhosted.org/packages/72/34/14ca021ce8e5dfedc35312d08ba8bf51fdd999c576889fc2c24cb97f4f10/iniconfig-2.3.0.tar.gz", hash = "sha256:c76315c77db068650d49c5b56314774a7804df16fee4402c1f19d6d15d8c4730", size = 20503, upload-time = "2025-10-18T21:55:43.219Z" }
wheels = [
    { url = "https://files.pythonhosted.org/packages/cb/b1/3846dd7f199d53cb17f49cba7e651e9ce294d8497c8c150530ed11865bb8/iniconfig-2.3.0-py3-none-any.whl", hash = "sha256:f631c04d2c48c52b84d0d0549c99ff3859c98df65b3101406327ecc7d53fbf12", size = 7484, upload-time = "2025-10-18T21:55:41.639Z" },
]

[[package]]
name = "isort"
version = "9.0.1"
source = { registry = "https://pypi.org/simple" }
dependencies = [
    { name = "mypy-extensions" },
]
sdist = { url = "https://files.pythonhosted.org/packages/e6/43/067e17bfa10b6486b408d5294105ac894149a9abb94b338568b1f53a73c9/isort-9.0.1.tar.gz", hash = "sha256:ba23db109e3e93ef1999f7209a651214994cd807801addd16ac485982eb4edd7", size = 667724, upload-time = "2026-08-27T20:54:26.699Z" }
wheels = [
    { url = "https://files.pythonhosted.org/packages/20/79/f73cc50a8749f17246372fe7d9398a8e0195cf5fb8b9955f59baa3c6e597/isort-9.0.1-cp311-cp311-macosx_11_0_arm64.whl", hash = "sha256:9dd4664ad009552bc4c9f464bd31190d0f04132412ee4d9392145fdf58d92127", size = 1039913, upload-time = "2026-08-27T20:53:36.244Z" },
    { url = "https://files.pythonhosted.org/packages/b0/92/bf89a5b76464685256bdcc866705d5cd5a07de5babef02a4519af55cb3ca/isort-9.0.1-cp311-cp311-manylinux2014_x86_64.manylinux_2_17_x86_64.manylinux_2_28_x86_64.whl", hash = "sha256:fb7d55156a1f766a2b097165524f07be61ececa41a71ca33d24a00777f79a829", size = 1575299, upload-time = "2026-08-27T20:53:37.715Z" },
    { url = "https://files.pythonhosted.org/packages/5f/23/e05939b0f1254488476929b998464ce69205f769de64beacaedeb47e1a45/isort-9.0.1-cp311-cp311-musllinux_1_2_x86_64.whl", hash = "sha256:771d5b7385292a0b2106229b792b8750954bbaf231e0475b1f53f1dd43e00936", size = 1559017, upload-time = "2026-08-27T20:53:39.161Z" },
    { url = "https://files.pythonhosted.org/packages/f9/1f/f6a0c7d968322b23d248ec5ae3262bcae9ee57926cace0d1f99dfdb50b22/isort-9.0.1-cp311-cp311-win_amd64.whl", hash = "sha256:1878b5165b0db434c0c62373a81a111e1afffb373f20e57bd2020ebdbaa36808", size = 864877, upload-time = "2026-08-27T20:53:40.582Z" },
    { url = "https://files.pythonhosted.org/packages/b1/bd/7221ab6fa6912487953334a9953dcc11816f8568e8d1fec07cda0bc01d87/isort-9.0.1-cp312-cp312-macosx_11_0_arm64.whl", hash = "sha256:c3ce022ccedf63aa5fc77bd0e926b8561a1476c9709d7cedf63abd7967772aac", size = 1045272, upload-time = "2026-08-27T20:53:42.378Z" },
    { url = "https://files.pythonhosted.org/packages/65/3e/ef6f9247dd0b7faad0450883808c94b94f22fc254524b5b05b5c6c4f94b2/isort-9.0.1-cp312-cp312-manylinux2014_x86_64.manylinux_2_17_x86_64.manylinux_2_28_x86_64.whl", hash = "sha256:7a75d4c21d8b93345a2743b96cc75c6f085aa89ddbaadd6edd5e9765be12ab77", size = 1659645, upload-time = "2026-08-27T20:53:44.087Z" },
    { url = "https://files.pythonhosted.org/packages/49/16/4f791073e6f91f8e9442ed7eb370886a0f0a52c9dadba540fcd24b4c2074/isort-9.0.1-cp312-cp312-musllinux_1_2_x86_64.whl", hash = "sha256:f6877ed17054eae153d686270678b11c1f6cb79433a1c07453140cccbaf7cc1d", size = 1649411, upload-time = "2026-08-27T20:53:45.597Z" },
    { url = "https://files.pythonhosted.org/packages/1f/17/28a06514565129fbb225138045323fb2876aaf871cf77f5976e62e5624bc/isort-9.0.1-cp312-cp312-win_amd64.whl", hash = "sha256:182918b730772292d33564a6ac5b201ca2bb79a8ad2ac77e7681ecc0f19a8f84", size = 871297, upload-time = "2026-08-27T20:53:47.24Z" },
    { url = "https://files.pythonhosted.org/packages/e1/65/aba682b6d0853de85f5bb5c18f0269d2980760783f5144dfcded6b8a1f14/isort-9.0.1-cp313-cp313-macosx_11_0_arm64.whl", hash = "sha256:67680927f739d4b48d67d8b7430faa92c95b02fb6075ca0351c6446214f6c7bb", size = 1021693, upload-time = "2026-08-27T20:53:48.792Z" },
    { url = "https://files.pythonhosted.org/packages/d7/bb/7025f3606b42f7db084fa234d61462a73443af166ecf7c1a0e8e3b448433/isort-9.0.1-cp313-cp313-manylinux2014_x86_64.manylinux_2_17_x86_64.manylinux_2_28_x86_64.whl", hash = "sha256:3727eb33a9759649346481cf2a9287d656a170c31ed7c105856f9c6f5b539756", size = 1648575, upload-time = "2026-08-27T20:53:50.701Z" },
    { url = "https://files.pythonhosted.org/packages/47/78/a92b09507565f8bd27eb72a7df3ba59a1ea0a5baacbf155c587d0be51a13/isort-9.0.1-cp313-cp313-musllinux_1_2_x86_64.whl", hash = "sha256:466b0c3f156a21c10edefba697e641666bc26ffb0122bf08b42caa3d464c20aa", size = 1639624, upload-time = "2026-08-27T20:53:52.22Z" },
    { url = "https://files.pythonhosted.org/packages/52/ba/f5efd28563bc751792a7a1f64ae73db57dcbfa0563dc3e0cbbd825a48252/isort-9.0.1-cp313-cp313-pyemscripten_2025_0_wasm32.whl", hash = "sha256:5832683294dd61c59d00cd043a68d42f6ecd7dc7d04b73ac777f7f90a534d6ae", size = 457708, upload-time = "2026-08-27T20:53:53.837Z" },
    { url = "https://files.pythonhosted.org/packages/53/d6/a776ea214de5403f038b182e1d5fd2211d0cee41f2c62ac9f2f9a0ecc463/isort-9.0.1-cp313-cp313-win_amd64.whl", hash = "sha256:7281cdf538f682b8d75fa44bcdad1b299036bbc440855f7d61412b3b85d5727d", size = 874790, upload-time = "2026-08-27T20:53:56.154Z" },
    { url = "https://files.pythonhosted.org/packages/db/42/d75a674a7fcbbf4374cd358b8529535d3c59e0ab6acc164b6862acb95058/isort-9.0.1-cp314-cp314-macosx_11_0_arm64.whl", hash = "sha256:7ea5f505b152fedd2b990b39d8b76108a48b355da874025aad4982e8ceeb0f3d", size = 1020950, upload-time = "2026-08-27T20:53:57.744Z" },
    { url = "https://files.pythonhosted.org/packages/2b/b6/04d74c7c42b9af1c0d47f34a79722dbbcff71bae3765c9250376ebd44ec5/isort-9.0.1-cp314-cp314-manylinux2014_x86_64.manylinux_2_17_x86_64.manylinux_2_28_x86_64.whl", hash = "sha256:873cf1b6371d41e2a74d57d7c0176d311822f0415441abf8251ad074c9fe4a66", size = 1653678, upload-time = "2026-08-27T20:53:59.292Z" },
    { url = "https://files.pythonhosted.org/packages/53/6c/621969c0cde272b7a183484589cc9f28132775d78fd708c231fd292c7abd/isort-9.0.1-cp314-cp314-musllinux_1_2_x86_64.whl", hash = "sha256:99b7bc28b1f05f7e3267629043a99c6c479a750df3689327a10324e396827f94", size = 1645589, upload-time = "2026-08-27T20:54:00.911Z" },
    { url = "https://files.pythonhosted.org/packages/8c/26/e3db1ae5d5fbe9e2dff0c6a0b2b9dda07a742ede20f8fbc7d78d5d73f472/isort-9.0.1-cp314-cp314-pyemscripten_2026_0_wasm32.whl", hash = "sha256:89ebbcdbdd9d66cc14909bbac36acb9db29f37325606113c9f270242f8a1f896", size = 457029, upload-time = "2026-08-27T20:54:02.551Z" },
    { url = "https://files.pythonhosted.org/packages/b8/f2/b9cf816c8dfd5d9066b65a2f738f8d03fb0f6001bcffa3d436cfdbe1b421/isort-9.0.1-cp314-cp314-win_amd64.whl", hash = "sha256:2057236a764f31c78dac78f7343057621fcc2fd40461ce61061f34fd09066f46", size = 894580, upload-time = "2026-08-27T20:54:03.985Z" },
    { url = "https://files.pythonhosted.org/packages/9b/d7/e5e9e477ff7ec9f75b4c07b25aef10814775200c1e90bc9acbb788def54a/isort-9.0.1-cp314-cp314t-macosx_11_0_arm64.whl", hash = "sha256:5e72a7063570f1d740f0284c7ae5739dc34c6a2d9f1049b13027a5bdadb56682", size = 1088685, upload-time = "2026-08-27T20:54:05.376Z" },
    { url = "https://files.pythonhosted.org/packages/96/6f/915effa62cdcdc757bd0c567ee4d611c7a73ce7da097c820b3b2f340c2f7/isort-9.0.1-cp314-cp314t-manylinux2014_x86_64.manylinux_2_17_x86_64.manylinux_2_28_x86_64.whl", hash = "sha256:c2525606f62742fc4ed9f8ca89043b9522ac3e6f9c9892e6cb16f4870d937f38", size = 1863445, upload-time = "2026-08-27T20:54:06.851Z" },
    { url = "https://files.pythonhosted.org/packages/e5/d4/af84d711cda084ddcb7a01a3d6a2608542c16ae7d418d99169b7deb775a4/isort-9.0.1-cp314-cp314t-musllinux_1_2_x86_64.whl", hash = "sha256:e3a2697ebcb54b51af4833de44447dbf31ddf081c5f163772092d21c0267483b", size = 1878639, upload-time = "2026-08-27T20:54:08.618Z" },
    { url = "https://files.pythonhosted.org/packages/58/d0/d77ec7d1c648a0b92ea6a8da3591a342550404af98a338106278a872ea1a/isort-9.0.1-cp314-cp314t-win_amd64.whl", hash = "sha256:fd326823ddbe338357ba1823b7f96481d4421d54c83ebd43c92f1b51314a24ae", size = 919565, upload-time = "2026-08-27T20:54:10.094Z" },
    { url = "https://files.pythonhosted.org/packages/72/d8/9963610d22fa55cbbd3c141a350f7011dd1023be9d3ba06212053c3639c6/isort-9.0.1-cp315-cp315-macosx_11_0_arm64.whl", hash = "sha256:5022b332ac91ccb39dc28bb206d5ae96ae7f8d45e710b072cb039b2fcda6602a", size = 1020254, upload-time = "2026-08-27T20:54:11.732Z" },
    { url = "https://files.pythonhosted.org/packages/11/20/9f22f2574d94cc2b86f7c1764a186843ed19e7215666b57b10935335614f/isort-9.0.1-cp315-cp315-manylinux2014_x86_64.manylinux_2_17_x86_64.manylinux_2_28_x86_64.whl", hash = "sha256:930879e4cfab3264f1d7346abeec10726b5382dc4be9f4251c25ec7fa057926b", size = 1667500, upload-time = "2026-08-27T20:54:13.193Z" },
    { url = "https://files.pythonhosted.org/packages/5e/4a/5a46b814d7fa49fc778e65a6703e4bb4d60149e01574afd7366b5ac7a1dc/isort-9.0.1-cp315-cp315-musllinux_1_2_x86_64.whl", hash = "sha256:825c05d2d63a1b9c608c352503c10b6411a3c6e12bcacc97b306774ee379786f", size = 1655914, upload-time = "2026-08-27T20:54:14.827Z" },
    { url = "https://files.pythonhosted.org/packages/a7/09/b575e1837f3b182c97f937cf39cb55b3942f44dedfec4303403e4aa9bbd0/isort-9.0.1-cp315-cp315-pyemscripten_2026_5_wasm32.whl", hash = "sha256:cc9814ce2ee42c17007d822455e4db55e32e589808ecfc2665d51c848d0bb30a", size = 457120, upload-time = "2026-08-27T20:54:16.145Z" },
    { url = "https://files.pythonhosted.org/packages/65/60/3c73139b71b7031caf54aa098bc589b18374533b5f96f31c541b36112896/isort-9.0.1-cp315-cp315-win_amd64.whl", hash = "sha256:1b8d6c836fb83232f5f4c1c037d332caf743bb24dca63167bad9174ae13e150e", size = 894525, upload-time = "2026-08-27T20:54:17.895Z" },
    { url = "https://files.pythonhosted.org/packages/e5/27/5c17d4c8239a33a876f91e52426cc0d3fc75eb8438f34c40f403998057ac/isort-9.0.1-cp315-cp315t-macosx_11_0_arm64.whl", hash = "sha256:2fb33e0c0f9f87821acf6d82c83f0a0c7e54680fdf3fe4131409d2b95901f00a", size = 1088576, upload-time = "2026-08-27T20:54:19.599Z" },
    { url = "https://files.pythonhosted.org/packages/32/9b/9e80dee125b3d1208fb89afa380cae6fdfac660ad682eb0139a8fd8d790a/isort-9.0.1-cp315-cp315t-manylinux2014_x86_64.manylinux_2_17_x86_64.manylinux_2_28_x86_64.whl", hash = "sha256:cdf765657edb2bcccbb1b20d26e710acbcb27379c0a407c6cb376e5619059a7b", size = 1853379, upload-time = "2026-08-27T20:54:21.119Z" },
    { url = "https://files.pythonhosted.org/packages/34/43/f9f456c223ba34293ab28f736f00e26875b26913f24451e5a2938a8c4e02/isort-9.0.1-cp315-cp315t-musllinux_1_2_x86_64.whl", hash = "sha256:23d3b6657763f9be1b15bb9664b016abfce34849d6215a46a42af7945d4acd68", size = 1871162, upload-time = "2026-08-27T20:54:22.593Z" },
    { url = "https://files.pythonhosted.org/packages/38/5c/17fedc2bee564bb13b50ed3cb2ce7d66dd8e09184fb45d7a263ebaaaa97e/isort-9.0.1-cp315-cp315t-win_amd64.whl", hash = "sha256:8f490acc182253d07071cc8255b57a281855e2e027b929a89eaa7c797f7b213e", size = 918269, upload-time = "2026-08-27T20:54:23.996Z" },
    { url = "https://files.pythonhosted.org/packages/af/6e/4ec84f19b008864656b9f158bad006aa6346e754694aff47a7fa9ee65a19/isort-9.0.1-py3-none-any.whl", hash = "sha256:5aac7263b7a7f9f647f94fb6df2761ff5b60a7168eb492ff39dd30443207fa19", size = 103487, upload-time = "2026-08-27T20:54:25.395Z" },
]

[[package]]
name = "mccabe"
version = "0.7.0"
source = { registry = "https://pypi.org/simple" }
sdist = { url = "https://files.pythonhosted.org/packages/e7/ff/0ffefdcac38932a54d2b5eed4e0ba8a408f215002cd178ad1df0f2806ff8/mccabe-0.7.0.tar.gz", hash = "sha256:348e0240c33b60bbdf4e523192ef919f28cb2c3d7d5c7794f74009290f236325", size = 9658, upload-time = "2022-01-24T01:14:51.113Z" }
wheels = [
    { url = "https://files.pythonhosted.org/packages/27/1a/1f68f9ba0c207934b35b86a8ca3aad8395a3d6dd7921c0686e23853ff5a9/mccabe-0.7.0-py2.py3-none-any.whl", hash = "sha256:6c2d30ab6be0e4a46919781807b4f0d834ebdd6c6e3dca0bda5a15f863427b6e", size = 7350, upload-time = "2022-01-24T01:14:49.62Z" },
]

[[package]]
name = "mypy-extensions"
version = "1.1.0"
source = { registry = "https://pypi.org/simple" }
sdist = { url = "https://files.pythonhosted.org/packages/a2/6e/371856a3fb9d31ca8dac321cda606860fa4548858c0cc45d9d1d4ca2628b/mypy_extensions-1.1.0.tar.gz", hash = "sha256:52e68efc3284861e772bbcd66823fde5ae21fd2fdb51c62a211403730b916558", size = 6343, upload-time = "2025-04-22T14:54:24.164Z" }
wheels = [
    { url = "https://files.pythonhosted.org/packages/79/7b/2c79738432f5c924bef5071f933bcc9efd0473bac3b4aa584a6f7c1c8df8/mypy_extensions-1.1.0-py3-none-any.whl", hash = "sha256:1be4cccdb0f2482337c4743e60421de3a356cd97508abadd57d47403e94f5505", size = 4963, upload-time = "2025-04-22T14:54:22.983Z" },
]

[[package]]
name = "packaging"
version = "26.3"
source = { registry = "https://pypi.org/simple" }
sdist = { url = "https://files.pythonhosted.org/packages/7d/fa/3944b40b07da9ce895c0e6303a5ab7d53da063554f534556b134a54d6093/packaging-26.3.tar.gz", hash = "sha256:94edc256424af38762eb31306eed28beb9f0efc50a8837492c9d6fd6004aed79", size = 313412, upload-time = "2026-08-04T18:15:28.737Z" }
wheels = [
    { url = "https://files.pythonhosted.org/packages/63/34/ba1c580383c9eada3711951fef0795c80b829a078d72188184bcab9dd527/packaging-26.3-py3-none-any.whl", hash = "sha256:d7193f7c8e4e93f444fde0262bf90af30e16fa0ad0ad44cb553c87339b23cd1c", size = 129956, upload-time = "2026-08-04T18:15:27.159Z" },
]

[[package]]
name = "platformdirs"
version = "4.11.11"
source = { registry = "https://pypi.org/simple" }
sdist = { url = "https://files.pythonhosted.org/packages/f8/13/f870dd0b42690138e4e37a76b5138e5690ed4365a77071bb092d59037da0/platformdirs-4.11.11.tar.gz", hash = "sha256:b0befe8a90759e4a9a8b9820d434ae226a6549063210b596da0038a7a05aede4", size = 39949, upload-time = "2026-09-19T01:18:47.259Z" }
wheels = [
    { url = "https://files.pythonhosted.org/packages/39/be/3ae887e84c38c4dd1c549cd5825adc93f48069a94fe1cb8ac52a9da16f15/platformdirs-4.11.11-py3-none-any.whl", hash = "sha256:972ea6b2b387155a536226a0750e46923d731d459a387c4a255c583ed2f64547", size = 24992, upload-time = "2026-09-19T01:18:45.825Z" },
]

[[package]]
name = "pluggy"
version = "1.6.0"
source = { registry = "https://pypi.org/simple" }
sdist = { url = "https://files.pythonhosted.org/packages/f9/e2/3e91f31a7d2b083fe6ef3fa267035b518369d9511ffab804f839851d2779/pluggy-1.6.0.tar.gz", hash = "sha256:7dcc130b76258d33b90f61b658791dede3486c3e6bfb003ee5c9bfb396dd22f3", size = 69412, upload-time = "2025-05-15T12:30:07.975Z" }
wheels = [
    { url = "https://files.pythonhosted.org/packages/54/20/4d324d65cc6d9205fabedc306948156824eb9f0ee1633355a8f7ec5c66bf/pluggy-1.6.0-py3-none-any.whl", hash = "sha256:e920276dd6813095e9377c0bc5566d94c932c33b27a3e3945d8389c374dd4746", size = 20538, upload-time = "2025-05-15T12:30:06.134Z" },
]

[[package]]
name = "prometheus-client"
version = "0.26.0"
source = { registry = "https://pypi.org/simple" }
sdist = { url = "https://files.pythonhosted.org/packages/52/73/f1334c29c2af4cd9dba6c7817e61b611bd0215e2eb5565c6064a4de18802/prometheus_client-0.26.0.tar.gz", hash = "sha256:04a91bcf94e2cf74a44a1a874d651a2e853ed354b6e822f3b7487751465d5c2b", size = 92910, upload-time = "2026-07-24T19:36:41.893Z" }
wheels = [
    { url = "https://files.pythonhosted.org/packages/eb/a3/b69efbf4143b5b9859b977770bbbabcc2796b702fa69dc40271e45cd5a56/prometheus_client-0.26.0-py3-none-any.whl", hash = "sha256:fa93d06737aa02bacd05794768508bb97d2fbee28cb3bca04eaae92f0ca953d6", size = 64494, upload-time = "2026-07-24T19:36:40.854Z" },
]

[[package]]
name = "pycodestyle"
version = "2.14.0"
source = { registry = "https://pypi.org/simple" }
sdist = { url = "https://files.pythonhosted.org/packages/11/e0/abfd2a0d2efe47670df87f3e3a0e2edda42f055053c85361f19c0e2c1ca8/pycodestyle-2.14.0.tar.gz", hash = "sha256:c4b5b517d278089ff9d0abdec919cd97262a3367449ea1c8b49b91529167b783", size = 39472, upload-time = "2025-06-20T18:49:48.75Z" }
wheels = [
    { url = "https://files.pythonhosted.org/packages/d7/27/a58ddaf8c588a3ef080db9d0b7e0b97215cee3a45df74f3a94dbbf5c893a/pycodestyle-2.14.0-py2.py3-none-any.whl", hash = "sha256:dd6bf7cb4ee77f8e016f9c8e74a35ddd9f67e1d5fd4184d86c3b98e07099f42d", size = 31594, upload-time = "2025-06-20T18:49:47.491Z" },
]

[[package]]
name = "pyflakes"
version = "3.4.0"
source = { registry = "https://pypi.org/simple" }
sdist = { url = "https://files.pythonhosted.org/packages/45/dc/fd034dc20b4b264b3d015808458391acbf9df40b1e54750ef175d39180b1/pyflakes-3.4.0.tar.gz", hash = "sha256:b24f96fafb7d2ab0ec5075b7350b3d2d2218eab42003821c06344973d3ea2f58", size = 64669, upload-time = "2025-06-20T18:45:27.834Z" }
wheels = [
    { url = "https://files.pythonhosted.org/packages/c2/2f/81d580a0fb83baeb066698975cb14a618bdbed7720678566f1b046a95fe8/pyflakes-3.4.0-py2.py3-none-any.whl", hash = "sha256:f742a7dbd0d9cb9ea41e9a24a918996e8170c799fa528688d40dd582c8265f4f", size = 63551, upload-time = "2025-06-20T18:45:26.937Z" },
]

[[package]]
name = "pygments"
version = "2.21.0"
source = { registry = "https://pypi.org/simple" }
sdist = { url = "https://files.pythonhosted.org/packages/49/2e/ced460408999b33da6b31b0021b0f37d329e202d4169aeb164493778f25b/pygments-2.21.0.tar.gz", hash = "sha256:610ca751c9bc2492b38eb9a38a7fbc93edbbb2d7182edaf34e66ae493dee5c8c", size = 5005329, upload-time = "2026-08-17T08:02:48.824Z" }
wheels = [
    { url = "https://files.pythonhosted.org/packages/71/46/17f022dd3e953bf20a04a028a21ec746d942f8d2af30fa0f124fa0e6a684/pygments-2.21.0-py3-none-any.whl", hash = "sha256:2363c69b61c4a97c838da3b130dcd6468f4848992b21a82f2a63ec34377137d9", size = 1250147, upload-time = "2026-08-17T08:02:44.912Z" },
]

[[package]]
name = "pylint"
version = "4.0.8"
source = { registry = "https://pypi.org/simple" }
dependencies = [
    { name = "astroid" },
    { name = "colorama", marker = "sys_platform == 'win32'" },
    { name = "dill" },
    { name = "isort" },
    { name = "mccabe" },
    { name = "platformdirs" },
    { name = "tomlkit" },
]
sdist = { url = "https://files.pythonhosted.org/packages/5c/2e/424cbfcb3af792a6b7da6e5c640de463b98c8d3a49fbd8882f38e83d4232/pylint-4.0.8.tar.gz", hash = "sha256:1c1b2128bde5ff5e966801413080b6384d42a5782718d528c906dbb6beab94ed", size = 1599177, upload-time = "2026-08-29T12:21:59.188Z" }
wheels = [
    { url = "https://files.pythonhosted.org/packages/2b/ea/9b601859afa055afe659ffe55abdfed6e5f17e17a840d9cd61c54ac89c02/pylint-4.0.8-py3-none-any.whl", hash = "sha256:3341c08c0aabaa4adc71516de0969f3ba5c692b56c75af4dcb4d242823fbe363", size = 540709, upload-time = "2026-08-29T12:21:57.392Z" },
]

[[package]]
name = "pytest"
version = "9.1.1"
source = { registry = "https://pypi.org/simple" }
dependencies = [
    { name = "colorama", marker = "sys_platform == 'win32'" },
    { name = "iniconfig" },
    { name = "packaging" },
    { name = "pluggy" },
    { name = "pygments" },
]
sdist = { url = "https://files.pythonhosted.org/packages/e4/47/b9efed96c114afcfa3c9d3fe98a76a1d14c74a9e266d397cf6eb64be5e01/pytest-9.1.1.tar.gz", hash = "sha256:1088fbde8f2b49d95a549a195707afa7a76a3ce9bcadc26b6d71f0ffda5fe313", size = 1636369, upload-time = "2026-06-19T10:58:32.857Z" }
wheels = [
    { url = "https://files.pythonhosted.org/packages/24/25/1de2678b631f5a49215c6c96fff41ba892b0a34df68d6d80292b1b48aa7f/pytest-9.1.1-py3-none-any.whl", hash = "sha256:37a86b45efb9a47a61a36449063e8e18d0cab3161329fc099eb21783169c4f0c", size = 386536, upload-time = "2026-06-19T10:58:31.347Z" },
]

[[package]]
name = "tomlkit"
version = "0.15.1"
source = { registry = "https://pypi.org/simple" }
sdist = { url = "https://files.pythonhosted.org/packages/94/96/e07752635b98536177fa1f37671c8f3cdde2e724c6bcf6034b2cfb571565/tomlkit-0.15.1.tar.gz", hash = "sha256:e25bbf38843005246210a12982776f27f99cb9be67160e14434d0c0d21ee1e97", size = 180129, upload-time = "2026-07-17T01:48:04.562Z" }
wheels = [
    { url = "https://files.pythonhosted.org/packages/13/bc/8c13eb66537dce1d2bd3a57132902f38d0e7f5bb46fa9f4daed9fe9d76ee/tomlkit-0.15.1-py3-none-any.whl", hash = "sha256:177a05aece5a8ca5266fd3c448abb47b8d352f09d477d3ca8332db4d89b24304", size = 49449, upload-time = "2026-07-17T01:48:05.728Z" },
]
